{
  "name": "codebase-rag",
  "version": "1.0.0",
  "lockfileVersion": 3,
  "requires": true,
  "packages": {
    "": {
      "name": "codebase-rag",
      "version": "1.0.0",
      "license": "ISC",
      "dependencies": {
        "@huggingface/inference": "^4.13.28",
        "dotenv": "^17.4.2"
      }
    },
    "node_modules/@huggingface/inference": {
      "version": "4.13.28",
      "resolved": "https://registry.npmjs.org/@huggingface/inference/-/inference-4.13.28.tgz",
      "integrity": "sha512-KTfWx7+H1xo9cbBrHvF8me/GjujV1W6DRjfKilO8z7UPiNXn8aFJgNwRl0A1g4w/FWnYo6JeNZHh8240BpG9mw==",
      "license": "MIT",
      "dependencies": {
        "@huggingface/jinja": "^0.5.9",
        "@huggingface/tasks": "^0.21.35"
      },
      "engines": {
        "node": ">=18"
      }
    },
    "node_modules/@huggingface/jinja": {
      "version": "0.5.10",
      "resolved": "https://registry.npmjs.org/@huggingface/jinja/-/jinja-0.5.10.tgz",
      "integrity": "sha512-SgS1D1bglQ94ceD4ZCL6eayUDy9uV1xuyk61OjgSxU5GJh7upqZCKII0JoTYMc6wWsg3JUgaPRX0ElQzXPk3Cw==",
      "license": "MIT",
      "engines": {
        "node": ">=18"
      }
    },
    "node_modules/@huggingface/tasks": {
      "version": "0.21.44",
      "resolved": "https://registry.npmjs.org/@huggingface/tasks/-/tasks-0.21.44.tgz",
      "integrity": "sha512-fmcpLihkKjuyMwtARF8NjUYoccHSwVCfJUAlZMcl744aP/hcgo2E+MxpEHJkUgov4IEPfW/GKbkUGmjTGcxMRQ==",
      "license": "MIT"
    },
    "node_modules/dotenv": {
      "version": "17.4.2",
      "resolved": "https://registry.npmjs.org/dotenv/-/dotenv-17.4.2.tgz",
      "integrity": "sha512-nI4U3TottKAcAD9LLud4Cb7b2QztQMUEfHbvhTH09bqXTxnSie8WnjPALV/WMCrJZ6UV/qHJ6L03OqO3LcdYZw==",
      "license": "BSD-2-Clause",
      "engines": {
        "node": ">=12"
      },
      "funding": {
        "url": "https://dotenvx.com"
      }
    }
  }
}
